// !$*UTF8*$!
{
	archiveVersion = 1;
	classes = {
	};
	objectVersion = 56;
	objects = {

/* Begin PBXBuildFile section */
		FB2E42042B6CF66F00EE76CD /* CoreDataManager.swift in Sources */ = {isa = PBXBuildFile; fileRef = FB2E42032B6CF66F00EE76CD /* CoreDataManager.swift */; };
		FB37BA622B72799500E1EBC7 /* Lottie in Frameworks */ = {isa = PBXBuildFile; productRef = FB37BA612B72799500E1EBC7 /* Lottie */; };
		FB4D34612B6CF9DD00CCEA30 /* Localizable.strings in Resources */ = {isa = PBXBuildFile; fileRef = FB4D34632B6CF9DD00CCEA30 /* Localizable.strings */; };
		FB4D346A2B6CFAA600CCEA30 /* MainView.swift in Sources */ = {isa = PBXBuildFile; fileRef = FB4D34692B6CFAA600CCEA30 /* MainView.swift */; };
		FB4D346C2B6CFAAE00CCEA30 /* MainPresenter.swift in Sources */ = {isa = PBXBuildFile; fileRef = FB4D346B2B6CFAAE00CCEA30 /* MainPresenter.swift */; };
		FB4D346E2B6CFAC500CCEA30 /* AddView.swift in Sources */ = {isa = PBXBuildFile; fileRef = FB4D346D2B6CFAC500CCEA30 /* AddView.swift */; };
		FB4D34702B6CFAD600CCEA30 /* AddPresenter.swift in Sources */ = {isa = PBXBuildFile; fileRef = FB4D346F2B6CFAD600CCEA30 /* AddPresenter.swift */; };
		FB4D34722B6D00CF00CCEA30 /* Extensions.swift in Sources */ = {isa = PBXBuildFile; fileRef = FB4D34712B6D00CF00CCEA30 /* Extensions.swift */; };
		FB4D34742B6D019A00CCEA30 /* MainViewCell.swift in Sources */ = {isa = PBXBuildFile; fileRef = FB4D34732B6D019A00CCEA30 /* MainViewCell.swift */; };
		FBA7ED232B6CE96100B64D31 /* AppDelegate.swift in Sources */ = {isa = PBXBuildFile; fileRef = FBA7ED222B6CE96100B64D31 /* AppDelegate.swift */; };
		FBA7ED252B6CE96100B64D31 /* SceneDelegate.swift in Sources */ = {isa = PBXBuildFile; fileRef = FBA7ED242B6CE96100B64D31 /* SceneDelegate.swift */; };
		FBA7ED2D2B6CE96100B64D31 /* BirthdayDate.xcdatamodeld in Sources */ = {isa = PBXBuildFile; fileRef = FBA7ED2B2B6CE96100B64D31 /* BirthdayDate.xcdatamodeld */; };
		FBA7ED2F2B6CE96200B64D31 /* Assets.xcassets in Resources */ = {isa = PBXBuildFile; fileRef = FBA7ED2E2B6CE96200B64D31 /* Assets.xcassets */; };
		FBA7ED322B6CE96200B64D31 /* LaunchScreen.storyboard in Resources */ = {isa = PBXBuildFile; fileRef = FBA7ED302B6CE96200B64D31 /* LaunchScreen.storyboard */; };
		FBF19A522B6EBE610016C0FD /* NotificationManager.swift in Sources */ = {isa = PBXBuildFile; fileRef = FBF19A512B6EBE610016C0FD /* NotificationManager.swift */; };
/* End PBXBuildFile section */

/* Begin PBXFileReference section */
		FB2E42032B6CF66F00EE76CD /* CoreDataManager.swift */ = {isa = PBXFileReference; lastKnownFileType = sourcecode.swift; path = CoreDataManager.swift; sourceTree = "<group>"; };
		FB4D34622B6CF9DD00CCEA30 /* en */ = {isa = PBXFileReference; lastKnownFileType = text.plist.strings; name = en; path = en.lproj/Localizable.strings; sourceTree = "<group>"; };
		FB4D34652B6CF9F600CCEA30 /* ru */ = {isa = PBXFileReference; lastKnownFileType = text.plist.strings; name = ru; path = ru.lproj/LaunchScreen.strings; sourceTree = "<group>"; };
		FB4D34662B6CF9F600CCEA30 /* ru */ = {isa = PBXFileReference; lastKnownFileType = text.plist.strings; name = ru; path = ru.lproj/Localizable.strings; sourceTree = "<group>"; };
		FB4D34692B6CFAA600CCEA30 /* MainView.swift */ = {isa = PBXFileReference; lastKnownFileType = sourcecode.swift; path = MainView.swift; sourceTree = "<group>"; };
		FB4D346B2B6CFAAE00CCEA30 /* MainPresenter.swift */ = {isa = PBXFileReference; lastKnownFileType = sourcecode.swift; path = MainPresenter.swift; sourceTree = "<group>"; };
		FB4D346D2B6CFAC500CCEA30 /* AddView.swift */ = {isa = PBXFileReference; lastKnownFileType = sourcecode.swift; path = AddView.swift; sourceTree = "<group>"; };
		FB4D346F2B6CFAD600CCEA30 /* AddPresenter.swift */ = {isa = PBXFileReference; lastKnownFileType = sourcecode.swift; path = AddPresenter.swift; sourceTree = "<group>"; };
		FB4D34712B6D00CF00CCEA30 /* Extensions.swift */ = {isa = PBXFileReference; lastKnownFileType = sourcecode.swift; path = Extensions.swift; sourceTree = "<group>"; };
		FB4D34732B6D019A00CCEA30 /* MainViewCell.swift */ = {isa = PBXFileReference; lastKnownFileType = sourcecode.swift; path = MainViewCell.swift; sourceTree = "<group>"; };
		FBA7ED1F2B6CE96100B64D31 /* BirthdayDate.app */ = {isa = PBXFileReference; explicitFileType = wrapper.application; includeInIndex = 0; path = BirthdayDate.app; sourceTree = BUILT_PRODUCTS_DIR; };
		FBA7ED222B6CE96100B64D31 /* AppDelegate.swift */ = {isa = PBXFileReference; lastKnownFileType = sourcecode.swift; path = AppDelegate.swift; sourceTree = "<group>"; };
		FBA7ED242B6CE96100B64D31 /* SceneDelegate.swift */ = {isa = PBXFileReference; lastKnownFileType = sourcecode.swift; path = SceneDelegate.swift; sourceTree = "<group>"; };
		FBA7ED2C2B6CE96100B64D31 /* BirthdayDate.xcdatamodel */ = {isa = PBXFileReference; lastKnownFileType = wrapper.xcdatamodel; path = BirthdayDate.xcdatamodel; sourceTree = "<group>"; };
		FBA7ED2E2B6CE96200B64D31 /* Assets.xcassets */ = {isa = PBXFileReference; lastKnownFileType = folder.assetcatalog; path = Assets.xcassets; sourceTree = "<group>"; };
		FBA7ED312B6CE96200B64D31 /* Base */ = {isa = PBXFileReference; lastKnownFileType = file.storyboard; name = Base; path = Base.lproj/LaunchScreen.storyboard; sourceTree = "<group>"; };
		FBA7ED332B6CE96200B64D31 /* Info.plist */ = {isa = PBXFileReference; lastKnownFileType = text.plist.xml; path = Info.plist; sourceTree = "<group>"; };
		FBF19A512B6EBE610016C0FD /* NotificationManager.swift */ = {isa = PBXFileReference; lastKnownFileType = sourcecode.swift; path = NotificationManager.swift; sourceTree = "<group>"; };
/* End PBXFileReference section */

/* Begin PBXFrameworksBuildPhase section */
		FBA7ED1C2B6CE96100B64D31 /* Frameworks */ = {
			isa = PBXFrameworksBuildPhase;
			buildActionMask = 2147483647;
			files = (
				FB37BA622B72799500E1EBC7 /* Lottie in Frameworks */,
			);
			runOnlyForDeploymentPostprocessing = 0;
		};
/* End PBXFrameworksBuildPhase section */

/* Begin PBXGroup section */
		FB4D345E2B6CF95000CCEA30 /* CORE DATA */ = {
			isa = PBXGroup;
			children = (
				FB2E42032B6CF66F00EE76CD /* CoreDataManager.swift */,
				FBA7ED2B2B6CE96100B64D31 /* BirthdayDate.xcdatamodeld */,
			);
			path = "CORE DATA";
			sourceTree = "<group>";
		};
		FB4D34672B6CFA5A00CCEA30 /* MAIN */ = {
			isa = PBXGroup;
			children = (
				FB4D34692B6CFAA600CCEA30 /* MainView.swift */,
				FB4D34732B6D019A00CCEA30 /* MainViewCell.swift */,
				FB4D346B2B6CFAAE00CCEA30 /* MainPresenter.swift */,
			);
			path = MAIN;
			sourceTree = "<group>";
		};
		FB4D34682B6CFA6F00CCEA30 /* ADD */ = {
			isa = PBXGroup;
			children = (
				FB4D346D2B6CFAC500CCEA30 /* AddView.swift */,
				FB4D346F2B6CFAD600CCEA30 /* AddPresenter.swift */,
			);
			path = ADD;
			sourceTree = "<group>";
		};
		FBA7ED162B6CE96100B64D31 = {
			isa = PBXGroup;
			children = (
				FBA7ED212B6CE96100B64D31 /* BirthdayDate */,
				FBA7ED202B6CE96100B64D31 /* Products */,
			);
			sourceTree = "<group>";
		};
		FBA7ED202B6CE96100B64D31 /* Products */ = {
			isa = PBXGroup;
			children = (
				FBA7ED1F2B6CE96100B64D31 /* BirthdayDate.app */,
			);
			name = Products;
			sourceTree = "<group>";
		};
		FBA7ED212B6CE96100B64D31 /* BirthdayDate */ = {
			isa = PBXGroup;
			children = (
				FBA7ED302B6CE96200B64D31 /* LaunchScreen.storyboard */,
				FBA7ED222B6CE96100B64D31 /* AppDelegate.swift */,
				FBA7ED242B6CE96100B64D31 /* SceneDelegate.swift */,
				FB4D34712B6D00CF00CCEA30 /* Extensions.swift */,
				FBA7ED332B6CE96200B64D31 /* Info.plist */,
				FB4D34672B6CFA5A00CCEA30 /* MAIN */,
				FB4D34682B6CFA6F00CCEA30 /* ADD */,
				FB4D345E2B6CF95000CCEA30 /* CORE DATA */,
				FBF19A512B6EBE610016C0FD /* NotificationManager.swift */,
				FB4D34632B6CF9DD00CCEA30 /* Localizable.strings */,
				FBA7ED2E2B6CE96200B64D31 /* Assets.xcassets */,
			);
			path = BirthdayDate;
			sourceTree = "<group>";
		};
/* End PBXGroup section */

/* Begin PBXNativeTarget section */
		FBA7ED1E2B6CE96100B64D31 /* BirthdayDate */ = {
			isa = PBXNativeTarget;
			buildConfigurationList = FBA7ED362B6CE96200B64D31 /* Build configuration list for PBXNativeTarget "BirthdayDate" */;
			buildPhases = (
				FBA7ED1B2B6CE96100B64D31 /* Sources */,
				FBA7ED1C2B6CE96100B64D31 /* Frameworks */,
				FBA7ED1D2B6CE96100B64D31 /* Resources */,
			);
			buildRules = (
			);
			dependencies = (
			);
			name = BirthdayDate;
			packageProductDependencies = (
				FB37BA612B72799500E1EBC7 /* Lottie */,
			);
			productName = BirthdayDate;
			productReference = FBA7ED1F2B6CE96100B64D31 /* BirthdayDate.app */;
			productType = "com.apple.product-type.application";
		};
/* End PBXNativeTarget section */

/* Begin PBXProject section */
		FBA7ED172B6CE96100B64D31 /* Project object */ = {
			isa = PBXProject;
			attributes = {
				BuildIndependentTargetsInParallel = 1;
				LastSwiftUpdateCheck = 1510;
				LastUpgradeCheck = 1510;
				TargetAttributes = {
					FBA7ED1E2B6CE96100B64D31 = {
						CreatedOnToolsVersion = 15.1;
					};
				};
			};
			buildConfigurationList = FBA7ED1A2B6CE96100B64D31 /* Build configuration list for PBXProject "BirthdayDate" */;
			compatibilityVersion = "Xcode 14.0";
			developmentRegion = en;
			hasScannedForEncodings = 0;
			knownRegions = (
				en,
				Base,
				ru,
			);
			mainGroup = FBA7ED162B6CE96100B64D31;
			packageReferences = (
				FB37BA602B72799500E1EBC7 /* XCRemoteSwiftPackageReference "lottie-ios" */,
			);
			productRefGroup = FBA7ED202B6CE96100B64D31 /* Products */;
			projectDirPath = "";
			projectRoot = "";
			targets = (
				FBA7ED1E2B6CE96100B64D31 /* BirthdayDate */,
			);
		};
/* End PBXProject section */

/* Begin PBXResourcesBuildPhase section */
		FBA7ED1D2B6CE96100B64D31 /* Resources */ = {
			isa = PBXResourcesBuildPhase;
			buildActionMask = 2147483647;
			files = (
				FBA7ED322B6CE96200B64D31 /* LaunchScreen.storyboard in Resources */,
				FB4D34612B6CF9DD00CCEA30 /* Localizable.strings in Resources */,
				FBA7ED2F2B6CE96200B64D31 /* Assets.xcassets in Resources */,
			);
			runOnlyForDeploymentPostprocessing = 0;
		};
/* End PBXResourcesBuildPhase section */

/* Begin PBXSourcesBuildPhase section */
		FBA7ED1B2B6CE96100B64D31 /* Sources */ = {
			isa = PBXSourcesBuildPhase;
			buildActionMask = 2147483647;
			files = (
				FB4D34702B6CFAD600CCEA30 /* AddPresenter.swift in Sources */,
				FB4D34742B6D019A00CCEA30 /* MainViewCell.swift in Sources */,
				FB4D346A2B6CFAA600CCEA30 /* MainView.swift in Sources */,
				FBA7ED232B6CE96100B64D31 /* AppDelegate.swift in Sources */,
				FBA7ED2D2B6CE96100B64D31 /* BirthdayDate.xcdatamodeld in Sources */,
				FBF19A522B6EBE610016C0FD /* NotificationManager.swift in Sources */,
				FB4D34722B6D00CF00CCEA30 /* Extensions.swift in Sources */,
				FB4D346E2B6CFAC500CCEA30 /* AddView.swift in Sources */,
				FB2E42042B6CF66F00EE76CD /* CoreDataManager.swift in Sources */,
				FB4D346C2B6CFAAE00CCEA30 /* MainPresenter.swift in Sources */,
				FBA7ED252B6CE96100B64D31 /* SceneDelegate.swift in Sources */,
			);
			runOnlyForDeploymentPostprocessing = 0;
		};
/* End PBXSourcesBuildPhase section */

/* Begin PBXVariantGroup section */
		FB4D34632B6CF9DD00CCEA30 /* Localizable.strings */ = {
			isa = PBXVariantGroup;
			children = (
				FB4D34622B6CF9DD00CCEA30 /* en */,
				FB4D34662B6CF9F600CCEA30 /* ru */,
			);
			name = Localizable.strings;
			sourceTree = "<group>";
		};
		FBA7ED302B6CE96200B64D31 /* LaunchScreen.storyboard */ = {
			isa = PBXVariantGroup;
			children = (
				FBA7ED312B6CE96200B64D31 /* Base */,
				FB4D34652B6CF9F600CCEA30 /* ru */,
			);
			name = LaunchScreen.storyboard;
			sourceTree = "<group>";
		};
/* End PBXVariantGroup section */

/* Begin XCBuildConfiguration section */
		FBA7ED342B6CE96200B64D31 /* Debug */ = {
			isa = XCBuildConfiguration;
			buildSettings = {
				ALWAYS_SEARCH_USER_PATHS = NO;
				ASSETCATALOG_COMPILER_GENERATE_SWIFT_ASSET_SYMBOL_EXTENSIONS = YES;
				CLANG_ANALYZER_LOCALIZABILITY_NONLOCALIZED = YES;
				CLANG_ANALYZER_NONNULL = YES;
				CLANG_ANALYZER_NUMBER_OBJECT_CONVERSION = YES_AGGRESSIVE;
				CLANG_CXX_LANGUAGE_STANDARD = "gnu++20";
				CLANG_ENABLE_MODULES = YES;
				CLANG_ENABLE_OBJC_ARC = YES;
				CLANG_ENABLE_OBJC_WEAK = YES;
				CLANG_WARN_BLOCK_CAPTURE_AUTORELEASING = YES;
				CLANG_WARN_BOOL_CONVERSION = YES;
				CLANG_WARN_COMMA = YES;
				CLANG_WARN_CONSTANT_CONVERSION = YES;
				CLANG_WARN_DEPRECATED_OBJC_IMPLEMENTATIONS = YES;
				CLANG_WARN_DIRECT_OBJC_ISA_USAGE = YES_ERROR;
				CLANG_WARN_DOCUMENTATION_COMMENTS = YES;
				CLANG_WARN_EMPTY_BODY = YES;
				CLANG_WARN_ENUM_CONVERSION = YES;
				CLANG_WARN_INFINITE_RECURSION = YES;
				CLANG_WARN_INT_CONVERSION = YES;
				CLANG_WARN_NON_LITERAL_NULL_CONVERSION = YES;
				CLANG_WARN_OBJC_IMPLICIT_RETAIN_SELF = YES;
				CLANG_WARN_OBJC_LITERAL_CONVERSION = YES;
				CLANG_WARN_OBJC_ROOT_CLASS = YES_ERROR;
				CLANG_WARN_QUOTED_INCLUDE_IN_FRAMEWORK_HEADER = YES;
				CLANG_WARN_RANGE_LOOP_ANALYSIS = YES;
				CLANG_WARN_STRICT_PROTOTYPES = YES;
				CLANG_WARN_SUSPICIOUS_MOVE = YES;
				CLANG_WARN_UNGUARDED_AVAILABILITY = YES_AGGRESSIVE;
				CLANG_WARN_UNREACHABLE_CODE = YES;
				CLANG_WARN__DUPLICATE_METHOD_MATCH = YES;
				COPY_PHASE_STRIP = NO;
				DEBUG_INFORMATION_FORMAT = dwarf;
				ENABLE_STRICT_OBJC_MSGSEND = YES;
				ENABLE_TESTABILITY = YES;
				ENABLE_USER_SCRIPT_SANDBOXING = YES;
				GCC_C_LANGUAGE_STANDARD = gnu17;
				GCC_DYNAMIC_NO_PIC = NO;
				GCC_NO_COMMON_BLOCKS = YES;
				GCC_OPTIMIZATION_LEVEL = 0;
				GCC_PREPROCESSOR_DEFINITIONS = (
					"DEBUG=1",
					"$(inherited)",
				);
				GCC_WARN_64_TO_32_BIT_CONVERSION = YES;
				GCC_WARN_ABOUT_RETURN_TYPE = YES_ERROR;
				GCC_WARN_UNDECLARED_SELECTOR = YES;
				GCC_WARN_UNINITIALIZED_AUTOS = YES_AGGRESSIVE;
				GCC_WARN_UNUSED_FUNCTION = YES;
				GCC_WARN_UNUSED_VARIABLE = YES;
				IPHONEOS_DEPLOYMENT_TARGET = 17.2;
				LOCALIZATION_PREFERS_STRING_CATALOGS = YES;
				MTL_ENABLE_DEBUG_INFO = INCLUDE_SOURCE;
				MTL_FAST_MATH = YES;
				ONLY_ACTIVE_ARCH = YES;
				SDKROOT = iphoneos;
				SWIFT_ACTIVE_COMPILATION_CONDITIONS = "DEBUG $(inherited)";
				SWIFT_OPTIMIZATION_LEVEL = "-Onone";
			};
			name = Debug;
		};
		FBA7ED352B6CE96200B64D31 /* Release */ = {
			isa = XCBuildConfiguration;
			buildSettings = {
				ALWAYS_SEARCH_USER_PATHS = NO;
				ASSETCATALOG_COMPILER_GENERATE_SWIFT_ASSET_SYMBOL_EXTENSIONS = YES;
				CLANG_ANALYZER_LOCALIZABILITY_NONLOCALIZED = YES;
				CLANG_ANALYZER_NONNULL = YES;
				CLANG_ANALYZER_NUMBER_OBJECT_CONVERSION = YES_AGGRESSIVE;
				CLANG_CXX_LANGUAGE_STANDARD = "gnu++20";
				CLANG_ENABLE_MODULES = YES;
				CLANG_ENABLE_OBJC_ARC = YES;
				CLANG_ENABLE_OBJC_WEAK = YES;
				CLANG_WARN_BLOCK_CAPTURE_AUTORELEASING = YES;
				CLANG_WARN_BOOL_CONVERSION = YES;
				CLANG_WARN_COMMA = YES;
				CLANG_WARN_CONSTANT_CONVERSION = YES;
				CLANG_WARN_DEPRECATED_OBJC_IMPLEMENTATIONS = YES;
				CLANG_WARN_DIRECT_OBJC_ISA_USAGE = YES_ERROR;
				CLANG_WARN_DOCUMENTATION_COMMENTS = YES;
				CLANG_WARN_EMPTY_BODY = YES;
				CLANG_WARN_ENUM_CONVERSION = YES;
				CLANG_WARN_INFINITE_RECURSION = YES;
				CLANG_WARN_INT_CONVERSION = YES;
				CLANG_WARN_NON_LITERAL_NULL_CONVERSION = YES;
				CLANG_WARN_OBJC_IMPLICIT_RETAIN_SELF = YES;
				CLANG_WARN_OBJC_LITERAL_CONVERSION = YES;
				CLANG_WARN_OBJC_ROOT_CLASS = YES_ERROR;
				CLANG_WARN_QUOTED_INCLUDE_IN_FRAMEWORK_HEADER = YES;
				CLANG_WARN_RANGE_LOOP_ANALYSIS = YES;
				CLANG_WARN_STRICT_PROTOTYPES = YES;
				CLANG_WARN_SUSPICIOUS_MOVE = YES;
				CLANG_WARN_UNGUARDED_AVAILABILITY = YES_AGGRESSIVE;
				CLANG_WARN_UNREACHABLE_CODE = YES;
				CLANG_WARN__DUPLICATE_METHOD_MATCH = YES;
				COPY_PHASE_STRIP = NO;
				DEBUG_INFORMATION_FORMAT = "dwarf-with-dsym";
				ENABLE_NS_ASSERTIONS = NO;
				ENABLE_STRICT_OBJC_MSGSEND = YES;
				ENABLE_USER_SCRIPT_SANDBOXING = YES;
				GCC_C_LANGUAGE_STANDARD = gnu17;
				GCC_NO_COMMON_BLOCKS = YES;
				GCC_WARN_64_TO_32_BIT_CONVERSION = YES;
				GCC_WARN_ABOUT_RETURN_TYPE = YES_ERROR;
				GCC_WARN_UNDECLARED_SELECTOR = YES;
				GCC_WARN_UNINITIALIZED_AUTOS = YES_AGGRESSIVE;
				GCC_WARN_UNUSED_FUNCTION = YES;
				GCC_WARN_UNUSED_VARIABLE = YES;
				IPHONEOS_DEPLOYMENT_TARGET = 17.2;
				LOCALIZATION_PREFERS_STRING_CATALOGS = YES;
				MTL_ENABLE_DEBUG_INFO = NO;
				MTL_FAST_MATH = YES;
				SDKROOT = iphoneos;
				SWIFT_COMPILATION_MODE = wholemodule;
				VALIDATE_PRODUCT = YES;
			};
			name = Release;
		};
		FBA7ED372B6CE96200B64D31 /* Debug */ = {
			isa = XCBuildConfiguration;
			buildSettings = {
				ASSETCATALOG_COMPILER_APPICON_NAME = AppIcon;
				ASSETCATALOG_COMPILER_GLOBAL_ACCENT_COLOR_NAME = AccentColor;
				CODE_SIGN_STYLE = Automatic;
				CURRENT_PROJECT_VERSION = 1;
				DEVELOPMENT_TEAM = 5KKD4ZM687;
				GENERATE_INFOPLIST_FILE = YES;
				INFOPLIST_FILE = BirthdayDate/Info.plist;
				INFOPLIST_KEY_UIApplicationSupportsIndirectInputEvents = YES;
				INFOPLIST_KEY_UILaunchStoryboardName = LaunchScreen;
				INFOPLIST_KEY_UISupportedInterfaceOrientations = UIInterfaceOrientationPortrait;
				INFOPLIST_KEY_UISupportedInterfaceOrientations_iPad = "UIInterfaceOrientationLandscapeLeft UIInterfaceOrientationLandscapeRight UIInterfaceOrientationPortrait UIInterfaceOrientationPortraitUpsideDown";
				IPHONEOS_DEPLOYMENT_TARGET = 16.0;
				LD_RUNPATH_SEARCH_PATHS = (
					"$(inherited)",
					"@executable_path/Frameworks",
				);
				MARKETING_VERSION = 1.1;
				PRODUCT_BUNDLE_IDENTIFIER = malyshewdeveloper.BirthdayDate;
				PRODUCT_NAME = "$(TARGET_NAME)";
				SUPPORTED_PLATFORMS = "iphoneos iphonesimulator";
				SUPPORTS_MACCATALYST = NO;
				SUPPORTS_MAC_DESIGNED_FOR_IPHONE_IPAD = NO;
				SWIFT_EMIT_LOC_STRINGS = YES;
				SWIFT_VERSION = 5.0;
				TARGETED_DEVICE_FAMILY = 1;
			};
			name = Debug;
		};
		FBA7ED382B6CE96200B64D31 /* Release */ = {
			isa = XCBuildConfiguration;
			buildSettings = {
				ASSETCATALOG_COMPILER_APPICON_NAME = AppIcon;
				ASSETCATALOG_COMPILER_GLOBAL_ACCENT_COLOR_NAME = AccentColor;
				CODE_SIGN_STYLE = Automatic;
				CURRENT_PROJECT_VERSION = 1;
				DEVELOPMENT_TEAM = 5KKD4ZM687;
				GENERATE_INFOPLIST_FILE = YES;
				INFOPLIST_FILE = BirthdayDate/Info.plist;
				INFOPLIST_KEY_UIApplicationSupportsIndirectInputEvents = YES;
				INFOPLIST_KEY_UILaunchStoryboardName = LaunchScreen;
				INFOPLIST_KEY_UISupportedInterfaceOrientations = UIInterfaceOrientationPortrait;
				INFOPLIST_KEY_UISupportedInterfaceOrientations_iPad = "UIInterfaceOrientationLandscapeLeft UIInterfaceOrientationLandscapeRight UIInterfaceOrientationPortrait UIInterfaceOrientationPortraitUpsideDown";
				IPHONEOS_DEPLOYMENT_TARGET = 16.0;
				LD_RUNPATH_SEARCH_PATHS = (
					"$(inherited)",
					"@executable_path/Frameworks",
				);
				MARKETING_VERSION = 1.1;
				PRODUCT_BUNDLE_IDENTIFIER = malyshewdeveloper.BirthdayDate;
				PRODUCT_NAME = "$(TARGET_NAME)";
				SUPPORTED_PLATFORMS = "iphoneos iphonesimulator";
				SUPPORTS_MACCATALYST = NO;
				SUPPORTS_MAC_DESIGNED_FOR_IPHONE_IPAD = NO;
				SWIFT_EMIT_LOC_STRINGS = YES;
				SWIFT_VERSION = 5.0;
				TARGETED_DEVICE_FAMILY = 1;
			};
			name = Release;
		};
/* End XCBuildConfiguration section */

/* Begin XCConfigurationList section */
		FBA7ED1A2B6CE96100B64D31 /* Build configuration list for PBXProject "BirthdayDate" */ = {
			isa = XCConfigurationList;
			buildConfigurations = (
				FBA7ED342B6CE96200B64D31 /* Debug */,
				FBA7ED352B6CE96200B64D31 /* Release */,
			);
			defaultConfigurationIsVisible = 0;
			defaultConfigurationName = Release;
		};
		FBA7ED362B6CE96200B64D31 /* Build configuration list for PBXNativeTarget "BirthdayDate" */ = {
			isa = XCConfigurationList;
			buildConfigurations = (
				FBA7ED372B6CE96200B64D31 /* Debug */,
				FBA7ED382B6CE96200B64D31 /* Release */,
			);
			defaultConfigurationIsVisible = 0;
			defaultConfigurationName = Release;
		};
/* End XCConfigurationList section */

/* Begin XCRemoteSwiftPackageReference section */
		FB37BA602B72799500E1EBC7 /* XCRemoteSwiftPackageReference "lottie-ios" */ = {
			isa = XCRemoteSwiftPackageReference;
			repositoryURL = "https://github.com/airbnb/lottie-ios.git";
			requirement = {
				kind = upToNextMajorVersion;
				minimumVersion = 4.4.0;
			};
		};
/* End XCRemoteSwiftPackageReference section */

/* Begin XCSwiftPackageProductDependency section */
		FB37BA612B72799500E1EBC7 /* Lottie */ = {
			isa = XCSwiftPackageProductDependency;
			package = FB37BA602B72799500E1EBC7 /* XCRemoteSwiftPackageReference "lottie-ios" */;
			productName = Lottie;
		};
/* End XCSwiftPackageProductDependency section */

/* Begin XCVersionGroup section */
		FBA7ED2B2B6CE96100B64D31 /* BirthdayDate.xcdatamodeld */ = {
			isa = XCVersionGroup;
			children = (
				FBA7ED2C2B6CE96100B64D31 /* BirthdayDate.xcdatamodel */,
			);
			currentVersion = FBA7ED2C2B6CE96100B64D31 /* BirthdayDate.xcdatamodel */;
			path = BirthdayDate.xcdatamodeld;
			sourceTree = "<group>";
			versionGroupType = wrapper.xcdatamodel;
		};
/* End XCVersionGroup section */
	};
	rootObject = FBA7ED172B6CE96100B64D31 /* Project object */;
}
